
Microsoft Visual Studio Solution File, Format Version 12.00
# Visual Studio Version 17
VisualStudioVersion = 17.5.002.0
MinimumVisualStudioVersion = 10.0.40219.1
Project("{9A19103F-16F7-4668-BE54-9A1E7A4F7556}") = "task64", "task64\task64.csproj", "{7EF98087-D95F-48A8-8761-C3B1822ACB47}"
EndProject
Project("{9A19103F-16F7-4668-BE54-9A1E7A4F7556}") = "task66", "task66\task66.csproj", "{50D4179B-CF0C-4779-AD74-2A446C1261C1}"
EndProject
Project("{9A19103F-16F7-4668-BE54-9A1E7A4F7556}") = "task68", "task68\task68.csproj", "{B5939108-2EBB-4C18-AD60-3BE4CB2607CE}"
EndProject
Global
	GlobalSection(SolutionConfigurationPlatforms) = preSolution
		Debug|Any CPU = Debug|Any CPU
		Release|Any CPU = Release|Any CPU
	EndGlobalSection
	GlobalSection(ProjectConfigurationPlatforms) = postSolution
		{7EF98087-D95F-48A8-8761-C3B1822ACB47}.Debug|Any CPU.ActiveCfg = Debug|Any CPU
		{7EF98087-D95F-48A8-8761-C3B1822ACB47}.Debug|Any CPU.Build.0 = Debug|Any CPU
		{7EF98087-D95F-48A8-8761-C3B1822ACB47}.Release|Any CPU.ActiveCfg = Release|Any CPU
		{7EF98087-D95F-48A8-8761-C3B1822ACB47}.Release|Any CPU.Build.0 = Release|Any CPU
		{50D4179B-CF0C-4779-AD74-2A446C1261C1}.Debug|Any CPU.ActiveCfg = Debug|Any CPU
		{50D4179B-CF0C-4779-AD74-2A446C1261C1}.Debug|Any CPU.Build.0 = Debug|Any CPU
		{50D4179B-CF0C-4779-AD74-2A446C1261C1}.Release|Any CPU.ActiveCfg = Release|Any CPU
		{50D4179B-CF0C-4779-AD74-2A446C1261C1}.Release|Any CPU.Build.0 = Release|Any CPU
		{B5939108-2EBB-4C18-AD60-3BE4CB2607CE}.Debug|Any CPU.ActiveCfg = Debug|Any CPU
		{B5939108-2EBB-4C18-AD60-3BE4CB2607CE}.Debug|Any CPU.Build.0 = Debug|Any CPU
		{B5939108-2EBB-4C18-AD60-3BE4CB2607CE}.Release|Any CPU.ActiveCfg = Release|Any CPU
		{B5939108-2EBB-4C18-AD60-3BE4CB2607CE}.Release|Any CPU.Build.0 = Release|Any CPU
	EndGlobalSection
	GlobalSection(SolutionProperties) = preSolution
		HideSolutionNode = FALSE
	EndGlobalSection
	GlobalSection(ExtensibilityGlobals) = postSolution
		SolutionGuid = {6551D7CA-3A11-4A6F-BE86-32C8ADC08EB8}
	EndGlobalSection
EndGlobal
